# This file is automatically @generated by Cargo.
# It is not intended for manual editing.
version = 3

[[package]]
name = "clever-ucode"
version = "0.1.0"
dependencies = [
 "utf",
]

[[package]]
name = "utf"
version = "0.1.6"
source = "registry+https://github.com/rust-lang/crates.io-index"
checksum = "8704f91734e57e97633bff5afe5c2893e5aca5bd83fac44736460deca2611a76"
